
Microsoft Visual Studio Solution File, Format Version 12.00
# Visual Studio Version 17
VisualStudioVersion = 17.3.32922.545
MinimumVisualStudioVersion = 10.0.40219.1
Project("{8BC9CEB8-8B4A-11D0-8D11-00A0C91BC942}") = "Adivina kien", "Adivina kien.vcxproj", "{87B4A136-4CF5-4A98-A1D2-69B833F24616}"
EndProject
Global
	GlobalSection(SolutionConfigurationPlatforms) = preSolution
		Debug|x64 = Debug|x64
		Debug|x86 = Debug|x86
		Release|x64 = Release|x64
		Release|x86 = Release|x86
	EndGlobalSection
	GlobalSection(ProjectConfigurationPlatforms) = postSolution
		{87B4A136-4CF5-4A98-A1D2-69B833F24616}.Debug|x64.ActiveCfg = Debug|x64
		{87B4A136-4CF5-4A98-A1D2-69B833F24616}.Debug|x64.Build.0 = Debug|x64
		{87B4A136-4CF5-4A98-A1D2-69B833F24616}.Debug|x86.ActiveCfg = Debug|Win32
		{87B4A136-4CF5-4A98-A1D2-69B833F24616}.Debug|x86.Build.0 = Debug|Win32
		{87B4A136-4CF5-4A98-A1D2-69B833F24616}.Release|x64.ActiveCfg = Release|x64
		{87B4A136-4CF5-4A98-A1D2-69B833F24616}.Release|x64.Build.0 = Release|x64
		{87B4A136-4CF5-4A98-A1D2-69B833F24616}.Release|x86.ActiveCfg = Release|Win32
		{87B4A136-4CF5-4A98-A1D2-69B833F24616}.Release|x86.Build.0 = Release|Win32
	EndGlobalSection
	GlobalSection(SolutionProperties) = preSolution
		HideSolutionNode = FALSE
	EndGlobalSection
	GlobalSection(ExtensibilityGlobals) = postSolution
		SolutionGuid = {DCA25BD2-2AE4-4253-BAFA-1718C5905EE1}
	EndGlobalSection
EndGlobal
